
Microsoft Visual Studio Solution File, Format Version 12.00
# Visual Studio 15
VisualStudioVersion = 15.0.27703.2047
MinimumVisualStudioVersion = 10.0.40219.1
Project("{FAE04EC0-301F-11D3-BF4B-00C04F79EFBC}") = "AvorionTest", "AvorionTest\AvorionTest.csproj", "{3CFAF5CB-A1DC-46EA-9D09-19652A9BDCB0}"
EndProject
Global
	GlobalSection(SolutionConfigurationPlatforms) = preSolution
		Debug|Any CPU = Debug|Any CPU
		Release|Any CPU = Release|Any CPU
	EndGlobalSection
	GlobalSection(ProjectConfigurationPlatforms) = postSolution
		{3CFAF5CB-A1DC-46EA-9D09-19652A9BDCB0}.Debug|Any CPU.ActiveCfg = Debug|Any CPU
		{3CFAF5CB-A1DC-46EA-9D09-19652A9BDCB0}.Debug|Any CPU.Build.0 = Debug|Any CPU
		{3CFAF5CB-A1DC-46EA-9D09-19652A9BDCB0}.Release|Any CPU.ActiveCfg = Release|Any CPU
		{3CFAF5CB-A1DC-46EA-9D09-19652A9BDCB0}.Release|Any CPU.Build.0 = Release|Any CPU
	EndGlobalSection
	GlobalSection(SolutionProperties) = preSolution
		HideSolutionNode = FALSE
	EndGlobalSection
	GlobalSection(ExtensibilityGlobals) = postSolution
		SolutionGuid = {14F1660B-9CCE-4933-9D28-41835993A503}
	EndGlobalSection
EndGlobal
